
Microsoft Visual Studio Solution File, Format Version 12.00
# Visual Studio Version 16
VisualStudioVersion = 16.0.29613.14
MinimumVisualStudioVersion = 10.0.40219.1
Project("{FAE04EC0-301F-11D3-BF4B-00C04F79EFBC}") = "MimeType", "MimeType\MimeType.csproj", "{D8358930-28DC-4284-AC34-3E7EE270C737}"
EndProject
Project("{FAE04EC0-301F-11D3-BF4B-00C04F79EFBC}") = "MimeTypeTest", "MimeTypeTest\MimeTypeTest.csproj", "{632E5FCE-0EF9-4980-A43D-56018D2B68F0}"
EndProject
Global
	GlobalSection(SolutionConfigurationPlatforms) = preSolution
		Debug|Any CPU = Debug|Any CPU
		Release|Any CPU = Release|Any CPU
	EndGlobalSection
	GlobalSection(ProjectConfigurationPlatforms) = postSolution
		{D8358930-28DC-4284-AC34-3E7EE270C737}.Debug|Any CPU.ActiveCfg = Debug|Any CPU
		{D8358930-28DC-4284-AC34-3E7EE270C737}.Debug|Any CPU.Build.0 = Debug|Any CPU
		{D8358930-28DC-4284-AC34-3E7EE270C737}.Release|Any CPU.ActiveCfg = Release|Any CPU
		{D8358930-28DC-4284-AC34-3E7EE270C737}.Release|Any CPU.Build.0 = Release|Any CPU
		{632E5FCE-0EF9-4980-A43D-56018D2B68F0}.Debug|Any CPU.ActiveCfg = Debug|Any CPU
		{632E5FCE-0EF9-4980-A43D-56018D2B68F0}.Debug|Any CPU.Build.0 = Debug|Any CPU
		{632E5FCE-0EF9-4980-A43D-56018D2B68F0}.Release|Any CPU.ActiveCfg = Release|Any CPU
		{632E5FCE-0EF9-4980-A43D-56018D2B68F0}.Release|Any CPU.Build.0 = Release|Any CPU
	EndGlobalSection
	GlobalSection(SolutionProperties) = preSolution
		HideSolutionNode = FALSE
	EndGlobalSection
	GlobalSection(ExtensibilityGlobals) = postSolution
		SolutionGuid = {685B64B8-EA89-4771-B9FE-BC3296BADB52}
	EndGlobalSection
EndGlobal
